# This file was autogenerated by Stack.
# You should not edit this file by hand.
# For more information, please see the documentation at:
#   https://docs.haskellstack.org/en/stable/lock_files

packages:
- completed:
    hackage: ansi-terminal-0.10.3@sha256:e2fbcef5f980dc234c7ad8e2fa433b0e8109132c9e643bc40ea5608cd5697797,3226
    pantry-tree:
      size: 1461
      sha256: 02f05d52be3ffcf36c78876629cbab80b63420672685371aea4fd10e1c4aabb6
  original:
    hackage: ansi-terminal-0.10.3
- completed:
    hackage: th-instance-reification-0.1.5.1@sha256:fd42aada59571324a7c910d0f6088913da5782d9027a3e23e05fc39c6caab62c,2673
    pantry-tree:
      size: 517
      sha256: 059ff22846d4ff36175b0d5ed9efe20a7943d24594d20cf84eeddb517777fb27
  original:
    hackage: th-instance-reification-0.1.5.1
- completed:
    hackage: list-extras-0.4.1.4@sha256:ed748395742238cb0824658a5cb916d3796817eb75fdd6632557ddfcd5429b7e,2394
    pantry-tree:
      size: 527
      sha256: 3887778ba91ac11e94300a82ce0898d9ce80dadcde7994676f3e66e7aee13bb7
  original:
    hackage: list-extras-0.4.1.4
- completed:
    hackage: checkers-0.5.5@sha256:0a319f9b6391912366fbdbe264732cbebe20424fb841f039584699f0114a1290,2124
    pantry-tree:
      size: 1267
      sha256: 6c76c790e87c691cacd58fb03968dc19585f68eabdf6c17435fc9a5641aacbf9
  original:
    hackage: checkers-0.5.5
- completed:
    hackage: th-tc-0.2.1.0@sha256:ccef59f802effbd2366c5e1e040bd98dc47128de80311a45980acbc747ec74a2,893
    pantry-tree:
      size: 226
      sha256: 5cbe0c0444a075235247f0f819e531d4a6925401bca97d4dff0589e2c3f93ef3
  original:
    hackage: th-tc-0.2.1.0
snapshots:
- completed:
    size: 523443
    url: https://raw.githubusercontent.com/commercialhaskell/stackage-snapshots/master/lts/14/0.yaml
    sha256: 283773e7120f5446d961eab35ea95c9af9c24187cc178537bd29273200a05171
  original: lts-14.0
