# This file was autogenerated by Stack.
# You should not edit this file by hand.
# For more information, please see the documentation at:
#   https://docs.haskellstack.org/en/stable/lock_files

packages:
- completed:
    hackage: ansi-terminal-0.10.3@sha256:e2fbcef5f980dc234c7ad8e2fa433b0e8109132c9e643bc40ea5608cd5697797,3226
    pantry-tree:
      size: 1461
      sha256: 02f05d52be3ffcf36c78876629cbab80b63420672685371aea4fd10e1c4aabb6
  original:
    hackage: ansi-terminal-0.10.3
- completed:
    hackage: th-instance-reification-0.1.5.1@sha256:fd42aada59571324a7c910d0f6088913da5782d9027a3e23e05fc39c6caab62c,2673
    pantry-tree:
      size: 517
      sha256: 059ff22846d4ff36175b0d5ed9efe20a7943d24594d20cf84eeddb517777fb27
  original:
    hackage: th-instance-reification-0.1.5.1
- completed:
    hackage: list-extras-0.4.1.4@sha256:ed748395742238cb0824658a5cb916d3796817eb75fdd6632557ddfcd5429b7e,2394
    pantry-tree:
      size: 527
      sha256: 3887778ba91ac11e94300a82ce0898d9ce80dadcde7994676f3e66e7aee13bb7
  original:
    hackage: list-extras-0.4.1.4
- completed:
    hackage: search-algorithms-0.3.1@sha256:83d487688e79f7d354a638d893364cd34cb01352cac9281734c27ee640e31925,1825
    pantry-tree:
      size: 450
      sha256: 1e007eb17329ea5b2bf9efc801fc8d2daa97040d19db4b8274b4743ee145df8b
  original:
    hackage: search-algorithms-0.3.1@sha256:83d487688e79f7d354a638d893364cd34cb01352cac9281734c27ee640e31925,1825
- completed:
    hackage: string-interpolate-0.2.0.0@sha256:a96f7e744f49d795887236319f74b2797fe2cdaadf2d5c4b06845d7a6ba4dbff,2527
    pantry-tree:
      size: 616
      sha256: 4160533ceb37446c054689513054d67093aed5bb1651011d9506dd579c815722
  original:
    hackage: string-interpolate-0.2.0.0@sha256:a96f7e744f49d795887236319f74b2797fe2cdaadf2d5c4b06845d7a6ba4dbff,2527
snapshots:
- completed:
    size: 586296
    url: https://raw.githubusercontent.com/commercialhaskell/stackage-snapshots/master/lts/18/18.yaml
    sha256: 63539429076b7ebbab6daa7656cfb079393bf644971156dc349d7c0453694ac2
  original: lts-18.18
