# This file was autogenerated by Stack.
# You should not edit this file by hand.
# For more information, please see the documentation at:
#   https://docs.haskellstack.org/en/stable/lock_files

packages:
- completed:
    hackage: ansi-terminal-0.10.3@sha256:e2fbcef5f980dc234c7ad8e2fa433b0e8109132c9e643bc40ea5608cd5697797,3226
    pantry-tree:
      size: 1461
      sha256: 02f05d52be3ffcf36c78876629cbab80b63420672685371aea4fd10e1c4aabb6
  original:
    hackage: ansi-terminal-0.10.3
- completed:
    hackage: th-instance-reification-0.1.5@sha256:6250d680c261a6def3190a203402001bc6558714932296ee56e19c1536c8affe,2671
    pantry-tree:
      size: 517
      sha256: 73d153029d3d7d5d77262b065a0abd3185e27148f40e997f253b44155097663c
  original:
    hackage: th-instance-reification-0.1.5
- completed:
    hackage: list-extras-0.4.1.4@sha256:ed748395742238cb0824658a5cb916d3796817eb75fdd6632557ddfcd5429b7e,2394
    pantry-tree:
      size: 527
      sha256: 3887778ba91ac11e94300a82ce0898d9ce80dadcde7994676f3e66e7aee13bb7
  original:
    hackage: list-extras-0.4.1.4
snapshots:
- completed:
    size: 523443
    url: https://raw.githubusercontent.com/commercialhaskell/stackage-snapshots/master/lts/14/0.yaml
    sha256: 283773e7120f5446d961eab35ea95c9af9c24187cc178537bd29273200a05171
  original: lts-14.0
